
Microsoft Visual Studio Solution File, Format Version 12.00
# Visual Studio Version 17
VisualStudioVersion = 17.7.34003.232
MinimumVisualStudioVersion = 10.0.40219.1
Project("{8BC9CEB8-8B4A-11D0-8D11-00A0C91BC942}") = "Win32P5Engine", "Win32P5Engine\Win32P5Engine.vcxproj", "{5F17B53D-B1CB-42D9-8DF3-F5B2553A3530}"
EndProject
Project("{8BC9CEB8-8B4A-11D0-8D11-00A0C91BC942}") = "P5Engine", "P5Engine\P5Engine.vcxproj", "{257D7F0B-1A0A-4012-BC1D-784D57E53B3D}"
	ProjectSection(ProjectDependencies) = postProject
		{5F17B53D-B1CB-42D9-8DF3-F5B2553A3530} = {5F17B53D-B1CB-42D9-8DF3-F5B2553A3530}
	EndProjectSection
EndProject
Project("{8BC9CEB8-8B4A-11D0-8D11-00A0C91BC942}") = "AssetBuilder", "AssetBuilder\AssetBuilder.vcxproj", "{C0771ACF-1CAA-4580-8CCC-052A4D2A8370}"
EndProject
Global
	GlobalSection(SolutionConfigurationPlatforms) = preSolution
		Debug|x64 = Debug|x64
		Debug|x86 = Debug|x86
		Release|x64 = Release|x64
		Release|x86 = Release|x86
	EndGlobalSection
	GlobalSection(ProjectConfigurationPlatforms) = postSolution
		{5F17B53D-B1CB-42D9-8DF3-F5B2553A3530}.Debug|x64.ActiveCfg = Debug|x64
		{5F17B53D-B1CB-42D9-8DF3-F5B2553A3530}.Debug|x64.Build.0 = Debug|x64
		{5F17B53D-B1CB-42D9-8DF3-F5B2553A3530}.Debug|x86.ActiveCfg = Debug|Win32
		{5F17B53D-B1CB-42D9-8DF3-F5B2553A3530}.Debug|x86.Build.0 = Debug|Win32
		{5F17B53D-B1CB-42D9-8DF3-F5B2553A3530}.Release|x64.ActiveCfg = Release|x64
		{5F17B53D-B1CB-42D9-8DF3-F5B2553A3530}.Release|x64.Build.0 = Release|x64
		{5F17B53D-B1CB-42D9-8DF3-F5B2553A3530}.Release|x86.ActiveCfg = Release|Win32
		{5F17B53D-B1CB-42D9-8DF3-F5B2553A3530}.Release|x86.Build.0 = Release|Win32
		{257D7F0B-1A0A-4012-BC1D-784D57E53B3D}.Debug|x64.ActiveCfg = Debug|x64
		{257D7F0B-1A0A-4012-BC1D-784D57E53B3D}.Debug|x64.Build.0 = Debug|x64
		{257D7F0B-1A0A-4012-BC1D-784D57E53B3D}.Debug|x86.ActiveCfg = Debug|Win32
		{257D7F0B-1A0A-4012-BC1D-784D57E53B3D}.Debug|x86.Build.0 = Debug|Win32
		{257D7F0B-1A0A-4012-BC1D-784D57E53B3D}.Release|x64.ActiveCfg = Release|x64
		{257D7F0B-1A0A-4012-BC1D-784D57E53B3D}.Release|x64.Build.0 = Release|x64
		{257D7F0B-1A0A-4012-BC1D-784D57E53B3D}.Release|x86.ActiveCfg = Release|Win32
		{257D7F0B-1A0A-4012-BC1D-784D57E53B3D}.Release|x86.Build.0 = Release|Win32
		{C0771ACF-1CAA-4580-8CCC-052A4D2A8370}.Debug|x64.ActiveCfg = Debug|x64
		{C0771ACF-1CAA-4580-8CCC-052A4D2A8370}.Debug|x64.Build.0 = Debug|x64
		{C0771ACF-1CAA-4580-8CCC-052A4D2A8370}.Debug|x86.ActiveCfg = Debug|Win32
		{C0771ACF-1CAA-4580-8CCC-052A4D2A8370}.Debug|x86.Build.0 = Debug|Win32
		{C0771ACF-1CAA-4580-8CCC-052A4D2A8370}.Release|x64.ActiveCfg = Release|x64
		{C0771ACF-1CAA-4580-8CCC-052A4D2A8370}.Release|x64.Build.0 = Release|x64
		{C0771ACF-1CAA-4580-8CCC-052A4D2A8370}.Release|x86.ActiveCfg = Release|Win32
		{C0771ACF-1CAA-4580-8CCC-052A4D2A8370}.Release|x86.Build.0 = Release|Win32
	EndGlobalSection
	GlobalSection(SolutionProperties) = preSolution
		HideSolutionNode = FALSE
	EndGlobalSection
	GlobalSection(ExtensibilityGlobals) = postSolution
		SolutionGuid = {47CA795E-0181-4FBC-BA90-CE87EB56BB06}
	EndGlobalSection
EndGlobal
